
Microsoft Visual Studio Solution File, Format Version 12.00
# Visual Studio 15
VisualStudioVersion = 15.0.28010.2048
MinimumVisualStudioVersion = 10.0.40219.1
Project("{FAE04EC0-301F-11D3-BF4B-00C04F79EFBC}") = "CRUDListBoxes", "CRUDListBoxes\CRUDListBoxes.csproj", "{CEF6362A-13F2-4DA1-9003-1BB9B92BED6A}"
EndProject
Global
	GlobalSection(SolutionConfigurationPlatforms) = preSolution
		Debug|Any CPU = Debug|Any CPU
		Release|Any CPU = Release|Any CPU
	EndGlobalSection
	GlobalSection(ProjectConfigurationPlatforms) = postSolution
		{CEF6362A-13F2-4DA1-9003-1BB9B92BED6A}.Debug|Any CPU.ActiveCfg = Debug|Any CPU
		{CEF6362A-13F2-4DA1-9003-1BB9B92BED6A}.Debug|Any CPU.Build.0 = Debug|Any CPU
		{CEF6362A-13F2-4DA1-9003-1BB9B92BED6A}.Release|Any CPU.ActiveCfg = Release|Any CPU
		{CEF6362A-13F2-4DA1-9003-1BB9B92BED6A}.Release|Any CPU.Build.0 = Release|Any CPU
	EndGlobalSection
	GlobalSection(SolutionProperties) = preSolution
		HideSolutionNode = FALSE
	EndGlobalSection
	GlobalSection(ExtensibilityGlobals) = postSolution
		SolutionGuid = {A4AB35AB-7EF3-4F1E-B478-9450D216A107}
	EndGlobalSection
EndGlobal
